
Microsoft Visual Studio Solution File, Format Version 12.00
# Visual Studio Version 17
VisualStudioVersion = 17.8.34316.72
MinimumVisualStudioVersion = 10.0.40219.1
Project("{FAE04EC0-301F-11D3-BF4B-00C04F79EFBC}") = "PayOffPalApi", "PayOffPalApi\PayOffPalApi.csproj", "{46121C9D-2E17-4FEB-9CCB-66547CD219FD}"
EndProject
Global
	GlobalSection(SolutionConfigurationPlatforms) = preSolution
		Debug|Any CPU = Debug|Any CPU
		Release|Any CPU = Release|Any CPU
	EndGlobalSection
	GlobalSection(ProjectConfigurationPlatforms) = postSolution
		{46121C9D-2E17-4FEB-9CCB-66547CD219FD}.Debug|Any CPU.ActiveCfg = Debug|Any CPU
		{46121C9D-2E17-4FEB-9CCB-66547CD219FD}.Debug|Any CPU.Build.0 = Debug|Any CPU
		{46121C9D-2E17-4FEB-9CCB-66547CD219FD}.Release|Any CPU.ActiveCfg = Release|Any CPU
		{46121C9D-2E17-4FEB-9CCB-66547CD219FD}.Release|Any CPU.Build.0 = Release|Any CPU
	EndGlobalSection
	GlobalSection(SolutionProperties) = preSolution
		HideSolutionNode = FALSE
	EndGlobalSection
	GlobalSection(ExtensibilityGlobals) = postSolution
		SolutionGuid = {2B11EF07-DAEA-49C1-875C-FCE86252DF3C}
	EndGlobalSection
EndGlobal
